// !$*UTF8*$!
{
	archiveVersion = 1;
	classes = {
	};
	objectVersion = 50;
	objects = {

/* Begin PBXBuildFile section */
		8547791D2616C70C00CA856E /* Person.m in Sources */ = {isa = PBXBuildFile; fileRef = 8547791C2616C70C00CA856E /* Person.m */; };
		85A4837A25FB04EE0014E5C8 /* AppDelegate.m in Sources */ = {isa = PBXBuildFile; fileRef = 85A4837925FB04EE0014E5C8 /* AppDelegate.m */; };
		85A4837D25FB04EE0014E5C8 /* SceneDelegate.m in Sources */ = {isa = PBXBuildFile; fileRef = 85A4837C25FB04EE0014E5C8 /* SceneDelegate.m */; };
		85A4838025FB04EE0014E5C8 /* ViewController.m in Sources */ = {isa = PBXBuildFile; fileRef = 85A4837F25FB04EE0014E5C8 /* ViewController.m */; };
		85A4838325FB04EE0014E5C8 /* Main.storyboard in Resources */ = {isa = PBXBuildFile; fileRef = 85A4838125FB04EE0014E5C8 /* Main.storyboard */; };
		85A4838525FB04F40014E5C8 /* Assets.xcassets in Resources */ = {isa = PBXBuildFile; fileRef = 85A4838425FB04F40014E5C8 /* Assets.xcassets */; };
		85A4838825FB04F40014E5C8 /* LaunchScreen.storyboard in Resources */ = {isa = PBXBuildFile; fileRef = 85A4838625FB04F40014E5C8 /* LaunchScreen.storyboard */; };
		85A4838B25FB04F40014E5C8 /* main.m in Sources */ = {isa = PBXBuildFile; fileRef = 85A4838A25FB04F40014E5C8 /* main.m */; };
		85A4839525FB04F40014E5C8 /* LearnNodeTests.m in Sources */ = {isa = PBXBuildFile; fileRef = 85A4839425FB04F40014E5C8 /* LearnNodeTests.m */; };
		85A483A025FB04F40014E5C8 /* LearnNodeUITests.m in Sources */ = {isa = PBXBuildFile; fileRef = 85A4839F25FB04F40014E5C8 /* LearnNodeUITests.m */; };
/* End PBXBuildFile section */

/* Begin PBXContainerItemProxy section */
		85A4839125FB04F40014E5C8 /* PBXContainerItemProxy */ = {
			isa = PBXContainerItemProxy;
			containerPortal = 85A4836D25FB04EE0014E5C8 /* Project object */;
			proxyType = 1;
			remoteGlobalIDString = 85A4837425FB04EE0014E5C8;
			remoteInfo = LearnNode;
		};
		85A4839C25FB04F40014E5C8 /* PBXContainerItemProxy */ = {
			isa = PBXContainerItemProxy;
			containerPortal = 85A4836D25FB04EE0014E5C8 /* Project object */;
			proxyType = 1;
			remoteGlobalIDString = 85A4837425FB04EE0014E5C8;
			remoteInfo = LearnNode;
		};
/* End PBXContainerItemProxy section */

/* Begin PBXFileReference section */
		8547791B2616C70C00CA856E /* Person.h */ = {isa = PBXFileReference; fileEncoding = 4; lastKnownFileType = sourcecode.c.h; path = Person.h; sourceTree = "<group>"; };
		8547791C2616C70C00CA856E /* Person.m */ = {isa = PBXFileReference; fileEncoding = 4; lastKnownFileType = sourcecode.c.objc; path = Person.m; sourceTree = "<group>"; };
		85A4837525FB04EE0014E5C8 /* LearnNode.app */ = {isa = PBXFileReference; explicitFileType = wrapper.application; includeInIndex = 0; path = LearnNode.app; sourceTree = BUILT_PRODUCTS_DIR; };
		85A4837825FB04EE0014E5C8 /* AppDelegate.h */ = {isa = PBXFileReference; lastKnownFileType = sourcecode.c.h; path = AppDelegate.h; sourceTree = "<group>"; };
		85A4837925FB04EE0014E5C8 /* AppDelegate.m */ = {isa = PBXFileReference; lastKnownFileType = sourcecode.c.objc; path = AppDelegate.m; sourceTree = "<group>"; };
		85A4837B25FB04EE0014E5C8 /* SceneDelegate.h */ = {isa = PBXFileReference; lastKnownFileType = sourcecode.c.h; path = SceneDelegate.h; sourceTree = "<group>"; };
		85A4837C25FB04EE0014E5C8 /* SceneDelegate.m */ = {isa = PBXFileReference; lastKnownFileType = sourcecode.c.objc; path = SceneDelegate.m; sourceTree = "<group>"; };
		85A4837E25FB04EE0014E5C8 /* ViewController.h */ = {isa = PBXFileReference; lastKnownFileType = sourcecode.c.h; path = ViewController.h; sourceTree = "<group>"; };
		85A4837F25FB04EE0014E5C8 /* ViewController.m */ = {isa = PBXFileReference; lastKnownFileType = sourcecode.c.objc; path = ViewController.m; sourceTree = "<group>"; };
		85A4838225FB04EE0014E5C8 /* Base */ = {isa = PBXFileReference; lastKnownFileType = file.storyboard; name = Base; path = Base.lproj/Main.storyboard; sourceTree = "<group>"; };
		85A4838425FB04F40014E5C8 /* Assets.xcassets */ = {isa = PBXFileReference; lastKnownFileType = folder.assetcatalog; path = Assets.xcassets; sourceTree = "<group>"; };
		85A4838725FB04F40014E5C8 /* Base */ = {isa = PBXFileReference; lastKnownFileType = file.storyboard; name = Base; path = Base.lproj/LaunchScreen.storyboard; sourceTree = "<group>"; };
		85A4838925FB04F40014E5C8 /* Info.plist */ = {isa = PBXFileReference; lastKnownFileType = text.plist.xml; path = Info.plist; sourceTree = "<group>"; };
		85A4838A25FB04F40014E5C8 /* main.m */ = {isa = PBXFileReference; lastKnownFileType = sourcecode.c.objc; path = main.m; sourceTree = "<group>"; };
		85A4839025FB04F40014E5C8 /* LearnNodeTests.xctest */ = {isa = PBXFileReference; explicitFileType = wrapper.cfbundle; includeInIndex = 0; path = LearnNodeTests.xctest; sourceTree = BUILT_PRODUCTS_DIR; };
		85A4839425FB04F40014E5C8 /* LearnNodeTests.m */ = {isa = PBXFileReference; lastKnownFileType = sourcecode.c.objc; path = LearnNodeTests.m; sourceTree = "<group>"; };
		85A4839625FB04F40014E5C8 /* Info.plist */ = {isa = PBXFileReference; lastKnownFileType = text.plist.xml; path = Info.plist; sourceTree = "<group>"; };
		85A4839B25FB04F40014E5C8 /* LearnNodeUITests.xctest */ = {isa = PBXFileReference; explicitFileType = wrapper.cfbundle; includeInIndex = 0; path = LearnNodeUITests.xctest; sourceTree = BUILT_PRODUCTS_DIR; };
		85A4839F25FB04F40014E5C8 /* LearnNodeUITests.m */ = {isa = PBXFileReference; lastKnownFileType = sourcecode.c.objc; path = LearnNodeUITests.m; sourceTree = "<group>"; };
		85A483A125FB04F40014E5C8 /* Info.plist */ = {isa = PBXFileReference; lastKnownFileType = text.plist.xml; path = Info.plist; sourceTree = "<group>"; };
/* End PBXFileReference section */

/* Begin PBXFrameworksBuildPhase section */
		85A4837225FB04EE0014E5C8 /* Frameworks */ = {
			isa = PBXFrameworksBuildPhase;
			buildActionMask = 2147483647;
			files = (
			);
			runOnlyForDeploymentPostprocessing = 0;
		};
		85A4838D25FB04F40014E5C8 /* Frameworks */ = {
			isa = PBXFrameworksBuildPhase;
			buildActionMask = 2147483647;
			files = (
			);
			runOnlyForDeploymentPostprocessing = 0;
		};
		85A4839825FB04F40014E5C8 /* Frameworks */ = {
			isa = PBXFrameworksBuildPhase;
			buildActionMask = 2147483647;
			files = (
			);
			runOnlyForDeploymentPostprocessing = 0;
		};
/* End PBXFrameworksBuildPhase section */

/* Begin PBXGroup section */
		85A4836C25FB04EE0014E5C8 = {
			isa = PBXGroup;
			children = (
				85A4837725FB04EE0014E5C8 /* LearnNode */,
				85A4839325FB04F40014E5C8 /* LearnNodeTests */,
				85A4839E25FB04F40014E5C8 /* LearnNodeUITests */,
				85A4837625FB04EE0014E5C8 /* Products */,
			);
			sourceTree = "<group>";
		};
		85A4837625FB04EE0014E5C8 /* Products */ = {
			isa = PBXGroup;
			children = (
				85A4837525FB04EE0014E5C8 /* LearnNode.app */,
				85A4839025FB04F40014E5C8 /* LearnNodeTests.xctest */,
				85A4839B25FB04F40014E5C8 /* LearnNodeUITests.xctest */,
			);
			name = Products;
			sourceTree = "<group>";
		};
		85A4837725FB04EE0014E5C8 /* LearnNode */ = {
			isa = PBXGroup;
			children = (
				8547791B2616C70C00CA856E /* Person.h */,
				8547791C2616C70C00CA856E /* Person.m */,
				85A4837825FB04EE0014E5C8 /* AppDelegate.h */,
				85A4837925FB04EE0014E5C8 /* AppDelegate.m */,
				85A4837B25FB04EE0014E5C8 /* SceneDelegate.h */,
				85A4837C25FB04EE0014E5C8 /* SceneDelegate.m */,
				85A4837E25FB04EE0014E5C8 /* ViewController.h */,
				85A4837F25FB04EE0014E5C8 /* ViewController.m */,
				85A4838125FB04EE0014E5C8 /* Main.storyboard */,
				85A4838425FB04F40014E5C8 /* Assets.xcassets */,
				85A4838625FB04F40014E5C8 /* LaunchScreen.storyboard */,
				85A4838925FB04F40014E5C8 /* Info.plist */,
				85A4838A25FB04F40014E5C8 /* main.m */,
			);
			path = LearnNode;
			sourceTree = "<group>";
		};
		85A4839325FB04F40014E5C8 /* LearnNodeTests */ = {
			isa = PBXGroup;
			children = (
				85A4839425FB04F40014E5C8 /* LearnNodeTests.m */,
				85A4839625FB04F40014E5C8 /* Info.plist */,
			);
			path = LearnNodeTests;
			sourceTree = "<group>";
		};
		85A4839E25FB04F40014E5C8 /* LearnNodeUITests */ = {
			isa = PBXGroup;
			children = (
				85A4839F25FB04F40014E5C8 /* LearnNodeUITests.m */,
				85A483A125FB04F40014E5C8 /* Info.plist */,
			);
			path = LearnNodeUITests;
			sourceTree = "<group>";
		};
/* End PBXGroup section */

/* Begin PBXNativeTarget section */
		85A4837425FB04EE0014E5C8 /* LearnNode */ = {
			isa = PBXNativeTarget;
			buildConfigurationList = 85A483A425FB04F40014E5C8 /* Build configuration list for PBXNativeTarget "LearnNode" */;
			buildPhases = (
				85A4837125FB04EE0014E5C8 /* Sources */,
				85A4837225FB04EE0014E5C8 /* Frameworks */,
				85A4837325FB04EE0014E5C8 /* Resources */,
			);
			buildRules = (
			);
			dependencies = (
			);
			name = LearnNode;
			productName = LearnNode;
			productReference = 85A4837525FB04EE0014E5C8 /* LearnNode.app */;
			productType = "com.apple.product-type.application";
		};
		85A4838F25FB04F40014E5C8 /* LearnNodeTests */ = {
			isa = PBXNativeTarget;
			buildConfigurationList = 85A483A725FB04F40014E5C8 /* Build configuration list for PBXNativeTarget "LearnNodeTests" */;
			buildPhases = (
				85A4838C25FB04F40014E5C8 /* Sources */,
				85A4838D25FB04F40014E5C8 /* Frameworks */,
				85A4838E25FB04F40014E5C8 /* Resources */,
			);
			buildRules = (
			);
			dependencies = (
				85A4839225FB04F40014E5C8 /* PBXTargetDependency */,
			);
			name = LearnNodeTests;
			productName = LearnNodeTests;
			productReference = 85A4839025FB04F40014E5C8 /* LearnNodeTests.xctest */;
			productType = "com.apple.product-type.bundle.unit-test";
		};
		85A4839A25FB04F40014E5C8 /* LearnNodeUITests */ = {
			isa = PBXNativeTarget;
			buildConfigurationList = 85A483AA25FB04F40014E5C8 /* Build configuration list for PBXNativeTarget "LearnNodeUITests" */;
			buildPhases = (
				85A4839725FB04F40014E5C8 /* Sources */,
				85A4839825FB04F40014E5C8 /* Frameworks */,
				85A4839925FB04F40014E5C8 /* Resources */,
			);
			buildRules = (
			);
			dependencies = (
				85A4839D25FB04F40014E5C8 /* PBXTargetDependency */,
			);
			name = LearnNodeUITests;
			productName = LearnNodeUITests;
			productReference = 85A4839B25FB04F40014E5C8 /* LearnNodeUITests.xctest */;
			productType = "com.apple.product-type.bundle.ui-testing";
		};
/* End PBXNativeTarget section */

/* Begin PBXProject section */
		85A4836D25FB04EE0014E5C8 /* Project object */ = {
			isa = PBXProject;
			attributes = {
				LastUpgradeCheck = 1240;
				TargetAttributes = {
					85A4837425FB04EE0014E5C8 = {
						CreatedOnToolsVersion = 12.4;
					};
					85A4838F25FB04F40014E5C8 = {
						CreatedOnToolsVersion = 12.4;
						TestTargetID = 85A4837425FB04EE0014E5C8;
					};
					85A4839A25FB04F40014E5C8 = {
						CreatedOnToolsVersion = 12.4;
						TestTargetID = 85A4837425FB04EE0014E5C8;
					};
				};
			};
			buildConfigurationList = 85A4837025FB04EE0014E5C8 /* Build configuration list for PBXProject "LearnNode" */;
			compatibilityVersion = "Xcode 9.3";
			developmentRegion = en;
			hasScannedForEncodings = 0;
			knownRegions = (
				en,
				Base,
			);
			mainGroup = 85A4836C25FB04EE0014E5C8;
			productRefGroup = 85A4837625FB04EE0014E5C8 /* Products */;
			projectDirPath = "";
			projectRoot = "";
			targets = (
				85A4837425FB04EE0014E5C8 /* LearnNode */,
				85A4838F25FB04F40014E5C8 /* LearnNodeTests */,
				85A4839A25FB04F40014E5C8 /* LearnNodeUITests */,
			);
		};
/* End PBXProject section */

/* Begin PBXResourcesBuildPhase section */
		85A4837325FB04EE0014E5C8 /* Resources */ = {
			isa = PBXResourcesBuildPhase;
			buildActionMask = 2147483647;
			files = (
				85A4838825FB04F40014E5C8 /* LaunchScreen.storyboard in Resources */,
				85A4838525FB04F40014E5C8 /* Assets.xcassets in Resources */,
				85A4838325FB04EE0014E5C8 /* Main.storyboard in Resources */,
			);
			runOnlyForDeploymentPostprocessing = 0;
		};
		85A4838E25FB04F40014E5C8 /* Resources */ = {
			isa = PBXResourcesBuildPhase;
			buildActionMask = 2147483647;
			files = (
			);
			runOnlyForDeploymentPostprocessing = 0;
		};
		85A4839925FB04F40014E5C8 /* Resources */ = {
			isa = PBXResourcesBuildPhase;
			buildActionMask = 2147483647;
			files = (
			);
			runOnlyForDeploymentPostprocessing = 0;
		};
/* End PBXResourcesBuildPhase section */

/* Begin PBXSourcesBuildPhase section */
		85A4837125FB04EE0014E5C8 /* Sources */ = {
			isa = PBXSourcesBuildPhase;
			buildActionMask = 2147483647;
			files = (
				85A4838025FB04EE0014E5C8 /* ViewController.m in Sources */,
				85A4837A25FB04EE0014E5C8 /* AppDelegate.m in Sources */,
				8547791D2616C70C00CA856E /* Person.m in Sources */,
				85A4838B25FB04F40014E5C8 /* main.m in Sources */,
				85A4837D25FB04EE0014E5C8 /* SceneDelegate.m in Sources */,
			);
			runOnlyForDeploymentPostprocessing = 0;
		};
		85A4838C25FB04F40014E5C8 /* Sources */ = {
			isa = PBXSourcesBuildPhase;
			buildActionMask = 2147483647;
			files = (
				85A4839525FB04F40014E5C8 /* LearnNodeTests.m in Sources */,
			);
			runOnlyForDeploymentPostprocessing = 0;
		};
		85A4839725FB04F40014E5C8 /* Sources */ = {
			isa = PBXSourcesBuildPhase;
			buildActionMask = 2147483647;
			files = (
				85A483A025FB04F40014E5C8 /* LearnNodeUITests.m in Sources */,
			);
			runOnlyForDeploymentPostprocessing = 0;
		};
/* End PBXSourcesBuildPhase section */

/* Begin PBXTargetDependency section */
		85A4839225FB04F40014E5C8 /* PBXTargetDependency */ = {
			isa = PBXTargetDependency;
			target = 85A4837425FB04EE0014E5C8 /* LearnNode */;
			targetProxy = 85A4839125FB04F40014E5C8 /* PBXContainerItemProxy */;
		};
		85A4839D25FB04F40014E5C8 /* PBXTargetDependency */ = {
			isa = PBXTargetDependency;
			target = 85A4837425FB04EE0014E5C8 /* LearnNode */;
			targetProxy = 85A4839C25FB04F40014E5C8 /* PBXContainerItemProxy */;
		};
/* End PBXTargetDependency section */

/* Begin PBXVariantGroup section */
		85A4838125FB04EE0014E5C8 /* Main.storyboard */ = {
			isa = PBXVariantGroup;
			children = (
				85A4838225FB04EE0014E5C8 /* Base */,
			);
			name = Main.storyboard;
			sourceTree = "<group>";
		};
		85A4838625FB04F40014E5C8 /* LaunchScreen.storyboard */ = {
			isa = PBXVariantGroup;
			children = (
				85A4838725FB04F40014E5C8 /* Base */,
			);
			name = LaunchScreen.storyboard;
			sourceTree = "<group>";
		};
/* End PBXVariantGroup section */

/* Begin XCBuildConfiguration section */
		85A483A225FB04F40014E5C8 /* Debug */ = {
			isa = XCBuildConfiguration;
			buildSettings = {
				ALWAYS_SEARCH_USER_PATHS = NO;
				CLANG_ANALYZER_NONNULL = YES;
				CLANG_ANALYZER_NUMBER_OBJECT_CONVERSION = YES_AGGRESSIVE;
				CLANG_CXX_LANGUAGE_STANDARD = "gnu++14";
				CLANG_CXX_LIBRARY = "libc++";
				CLANG_ENABLE_MODULES = YES;
				CLANG_ENABLE_OBJC_ARC = YES;
				CLANG_ENABLE_OBJC_WEAK = YES;
				CLANG_WARN_BLOCK_CAPTURE_AUTORELEASING = YES;
				CLANG_WARN_BOOL_CONVERSION = YES;
				CLANG_WARN_COMMA = YES;
				CLANG_WARN_CONSTANT_CONVERSION = YES;
				CLANG_WARN_DEPRECATED_OBJC_IMPLEMENTATIONS = YES;
				CLANG_WARN_DIRECT_OBJC_ISA_USAGE = YES_ERROR;
				CLANG_WARN_DOCUMENTATION_COMMENTS = YES;
				CLANG_WARN_EMPTY_BODY = YES;
				CLANG_WARN_ENUM_CONVERSION = YES;
				CLANG_WARN_INFINITE_RECURSION = YES;
				CLANG_WARN_INT_CONVERSION = YES;
				CLANG_WARN_NON_LITERAL_NULL_CONVERSION = YES;
				CLANG_WARN_OBJC_IMPLICIT_RETAIN_SELF = YES;
				CLANG_WARN_OBJC_LITERAL_CONVERSION = YES;
				CLANG_WARN_OBJC_ROOT_CLASS = YES_ERROR;
				CLANG_WARN_QUOTED_INCLUDE_IN_FRAMEWORK_HEADER = YES;
				CLANG_WARN_RANGE_LOOP_ANALYSIS = YES;
				CLANG_WARN_STRICT_PROTOTYPES = YES;
				CLANG_WARN_SUSPICIOUS_MOVE = YES;
				CLANG_WARN_UNGUARDED_AVAILABILITY = YES_AGGRESSIVE;
				CLANG_WARN_UNREACHABLE_CODE = YES;
				CLANG_WARN__DUPLICATE_METHOD_MATCH = YES;
				COPY_PHASE_STRIP = NO;
				DEBUG_INFORMATION_FORMAT = dwarf;
				ENABLE_STRICT_OBJC_MSGSEND = YES;
				ENABLE_TESTABILITY = YES;
				GCC_C_LANGUAGE_STANDARD = gnu11;
				GCC_DYNAMIC_NO_PIC = NO;
				GCC_NO_COMMON_BLOCKS = YES;
				GCC_OPTIMIZATION_LEVEL = 0;
				GCC_PREPROCESSOR_DEFINITIONS = (
					"DEBUG=1",
					"$(inherited)",
				);
				GCC_WARN_64_TO_32_BIT_CONVERSION = YES;
				GCC_WARN_ABOUT_RETURN_TYPE = YES_ERROR;
				GCC_WARN_UNDECLARED_SELECTOR = YES;
				GCC_WARN_UNINITIALIZED_AUTOS = YES_AGGRESSIVE;
				GCC_WARN_UNUSED_FUNCTION = YES;
				GCC_WARN_UNUSED_VARIABLE = YES;
				IPHONEOS_DEPLOYMENT_TARGET = 10.0;
				MTL_ENABLE_DEBUG_INFO = INCLUDE_SOURCE;
				MTL_FAST_MATH = YES;
				ONLY_ACTIVE_ARCH = YES;
				SDKROOT = iphoneos;
			};
			name = Debug;
		};
		85A483A325FB04F40014E5C8 /* Release */ = {
			isa = XCBuildConfiguration;
			buildSettings = {
				ALWAYS_SEARCH_USER_PATHS = NO;
				CLANG_ANALYZER_NONNULL = YES;
				CLANG_ANALYZER_NUMBER_OBJECT_CONVERSION = YES_AGGRESSIVE;
				CLANG_CXX_LANGUAGE_STANDARD = "gnu++14";
				CLANG_CXX_LIBRARY = "libc++";
				CLANG_ENABLE_MODULES = YES;
				CLANG_ENABLE_OBJC_ARC = YES;
				CLANG_ENABLE_OBJC_WEAK = YES;
				CLANG_WARN_BLOCK_CAPTURE_AUTORELEASING = YES;
				CLANG_WARN_BOOL_CONVERSION = YES;
				CLANG_WARN_COMMA = YES;
				CLANG_WARN_CONSTANT_CONVERSION = YES;
				CLANG_WARN_DEPRECATED_OBJC_IMPLEMENTATIONS = YES;
				CLANG_WARN_DIRECT_OBJC_ISA_USAGE = YES_ERROR;
				CLANG_WARN_DOCUMENTATION_COMMENTS = YES;
				CLANG_WARN_EMPTY_BODY = YES;
				CLANG_WARN_ENUM_CONVERSION = YES;
				CLANG_WARN_INFINITE_RECURSION = YES;
				CLANG_WARN_INT_CONVERSION = YES;
				CLANG_WARN_NON_LITERAL_NULL_CONVERSION = YES;
				CLANG_WARN_OBJC_IMPLICIT_RETAIN_SELF = YES;
				CLANG_WARN_OBJC_LITERAL_CONVERSION = YES;
				CLANG_WARN_OBJC_ROOT_CLASS = YES_ERROR;
				CLANG_WARN_QUOTED_INCLUDE_IN_FRAMEWORK_HEADER = YES;
				CLANG_WARN_RANGE_LOOP_ANALYSIS = YES;
				CLANG_WARN_STRICT_PROTOTYPES = YES;
				CLANG_WARN_SUSPICIOUS_MOVE = YES;
				CLANG_WARN_UNGUARDED_AVAILABILITY = YES_AGGRESSIVE;
				CLANG_WARN_UNREACHABLE_CODE = YES;
				CLANG_WARN__DUPLICATE_METHOD_MATCH = YES;
				COPY_PHASE_STRIP = NO;
				DEBUG_INFORMATION_FORMAT = "dwarf-with-dsym";
				ENABLE_NS_ASSERTIONS = NO;
				ENABLE_STRICT_OBJC_MSGSEND = YES;
				GCC_C_LANGUAGE_STANDARD = gnu11;
				GCC_NO_COMMON_BLOCKS = YES;
				GCC_WARN_64_TO_32_BIT_CONVERSION = YES;
				GCC_WARN_ABOUT_RETURN_TYPE = YES_ERROR;
				GCC_WARN_UNDECLARED_SELECTOR = YES;
				GCC_WARN_UNINITIALIZED_AUTOS = YES_AGGRESSIVE;
				GCC_WARN_UNUSED_FUNCTION = YES;
				GCC_WARN_UNUSED_VARIABLE = YES;
				IPHONEOS_DEPLOYMENT_TARGET = 10.0;
				MTL_ENABLE_DEBUG_INFO = NO;
				MTL_FAST_MATH = YES;
				SDKROOT = iphoneos;
				VALIDATE_PRODUCT = YES;
			};
			name = Release;
		};
		85A483A525FB04F40014E5C8 /* Debug */ = {
			isa = XCBuildConfiguration;
			buildSettings = {
				ASSETCATALOG_COMPILER_APPICON_NAME = AppIcon;
				ASSETCATALOG_COMPILER_GLOBAL_ACCENT_COLOR_NAME = AccentColor;
				CODE_SIGN_STYLE = Automatic;
				DEVELOPMENT_TEAM = 35A6KD62ZJ;
				INFOPLIST_FILE = LearnNode/Info.plist;
				LD_RUNPATH_SEARCH_PATHS = (
					"$(inherited)",
					"@executable_path/Frameworks",
				);
				PRODUCT_BUNDLE_IDENTIFIER = com.faceunity.fuvideo.LearnNode;
				PRODUCT_NAME = "$(TARGET_NAME)";
				TARGETED_DEVICE_FAMILY = "1,2";
			};
			name = Debug;
		};
		85A483A625FB04F40014E5C8 /* Release */ = {
			isa = XCBuildConfiguration;
			buildSettings = {
				ASSETCATALOG_COMPILER_APPICON_NAME = AppIcon;
				ASSETCATALOG_COMPILER_GLOBAL_ACCENT_COLOR_NAME = AccentColor;
				CODE_SIGN_STYLE = Automatic;
				DEVELOPMENT_TEAM = 35A6KD62ZJ;
				INFOPLIST_FILE = LearnNode/Info.plist;
				LD_RUNPATH_SEARCH_PATHS = (
					"$(inherited)",
					"@executable_path/Frameworks",
				);
				PRODUCT_BUNDLE_IDENTIFIER = com.faceunity.fuvideo.LearnNode;
				PRODUCT_NAME = "$(TARGET_NAME)";
				TARGETED_DEVICE_FAMILY = "1,2";
			};
			name = Release;
		};
		85A483A825FB04F40014E5C8 /* Debug */ = {
			isa = XCBuildConfiguration;
			buildSettings = {
				BUNDLE_LOADER = "$(TEST_HOST)";
				CODE_SIGN_STYLE = Automatic;
				DEVELOPMENT_TEAM = 35A6KD62ZJ;
				INFOPLIST_FILE = LearnNodeTests/Info.plist;
				IPHONEOS_DEPLOYMENT_TARGET = 14.4;
				LD_RUNPATH_SEARCH_PATHS = (
					"$(inherited)",
					"@executable_path/Frameworks",
					"@loader_path/Frameworks",
				);
				PRODUCT_BUNDLE_IDENTIFIER = com.faceunity.fuvideo.LearnNodeTests;
				PRODUCT_NAME = "$(TARGET_NAME)";
				TARGETED_DEVICE_FAMILY = "1,2";
				TEST_HOST = "$(BUILT_PRODUCTS_DIR)/LearnNode.app/LearnNode";
			};
			name = Debug;
		};
		85A483A925FB04F40014E5C8 /* Release */ = {
			isa = XCBuildConfiguration;
			buildSettings = {
				BUNDLE_LOADER = "$(TEST_HOST)";
				CODE_SIGN_STYLE = Automatic;
				DEVELOPMENT_TEAM = 35A6KD62ZJ;
				INFOPLIST_FILE = LearnNodeTests/Info.plist;
				IPHONEOS_DEPLOYMENT_TARGET = 14.4;
				LD_RUNPATH_SEARCH_PATHS = (
					"$(inherited)",
					"@executable_path/Frameworks",
					"@loader_path/Frameworks",
				);
				PRODUCT_BUNDLE_IDENTIFIER = com.faceunity.fuvideo.LearnNodeTests;
				PRODUCT_NAME = "$(TARGET_NAME)";
				TARGETED_DEVICE_FAMILY = "1,2";
				TEST_HOST = "$(BUILT_PRODUCTS_DIR)/LearnNode.app/LearnNode";
			};
			name = Release;
		};
		85A483AB25FB04F40014E5C8 /* Debug */ = {
			isa = XCBuildConfiguration;
			buildSettings = {
				CODE_SIGN_STYLE = Automatic;
				DEVELOPMENT_TEAM = 35A6KD62ZJ;
				INFOPLIST_FILE = LearnNodeUITests/Info.plist;
				LD_RUNPATH_SEARCH_PATHS = (
					"$(inherited)",
					"@executable_path/Frameworks",
					"@loader_path/Frameworks",
				);
				PRODUCT_BUNDLE_IDENTIFIER = com.faceunity.fuvideo.LearnNodeUITests;
				PRODUCT_NAME = "$(TARGET_NAME)";
				TARGETED_DEVICE_FAMILY = "1,2";
				TEST_TARGET_NAME = LearnNode;
			};
			name = Debug;
		};
		85A483AC25FB04F40014E5C8 /* Release */ = {
			isa = XCBuildConfiguration;
			buildSettings = {
				CODE_SIGN_STYLE = Automatic;
				DEVELOPMENT_TEAM = 35A6KD62ZJ;
				INFOPLIST_FILE = LearnNodeUITests/Info.plist;
				LD_RUNPATH_SEARCH_PATHS = (
					"$(inherited)",
					"@executable_path/Frameworks",
					"@loader_path/Frameworks",
				);
				PRODUCT_BUNDLE_IDENTIFIER = com.faceunity.fuvideo.LearnNodeUITests;
				PRODUCT_NAME = "$(TARGET_NAME)";
				TARGETED_DEVICE_FAMILY = "1,2";
				TEST_TARGET_NAME = LearnNode;
			};
			name = Release;
		};
/* End XCBuildConfiguration section */

/* Begin XCConfigurationList section */
		85A4837025FB04EE0014E5C8 /* Build configuration list for PBXProject "LearnNode" */ = {
			isa = XCConfigurationList;
			buildConfigurations = (
				85A483A225FB04F40014E5C8 /* Debug */,
				85A483A325FB04F40014E5C8 /* Release */,
			);
			defaultConfigurationIsVisible = 0;
			defaultConfigurationName = Release;
		};
		85A483A425FB04F40014E5C8 /* Build configuration list for PBXNativeTarget "LearnNode" */ = {
			isa = XCConfigurationList;
			buildConfigurations = (
				85A483A525FB04F40014E5C8 /* Debug */,
				85A483A625FB04F40014E5C8 /* Release */,
			);
			defaultConfigurationIsVisible = 0;
			defaultConfigurationName = Release;
		};
		85A483A725FB04F40014E5C8 /* Build configuration list for PBXNativeTarget "LearnNodeTests" */ = {
			isa = XCConfigurationList;
			buildConfigurations = (
				85A483A825FB04F40014E5C8 /* Debug */,
				85A483A925FB04F40014E5C8 /* Release */,
			);
			defaultConfigurationIsVisible = 0;
			defaultConfigurationName = Release;
		};
		85A483AA25FB04F40014E5C8 /* Build configuration list for PBXNativeTarget "LearnNodeUITests" */ = {
			isa = XCConfigurationList;
			buildConfigurations = (
				85A483AB25FB04F40014E5C8 /* Debug */,
				85A483AC25FB04F40014E5C8 /* Release */,
			);
			defaultConfigurationIsVisible = 0;
			defaultConfigurationName = Release;
		};
/* End XCConfigurationList section */
	};
	rootObject = 85A4836D25FB04EE0014E5C8 /* Project object */;
}
